
Microsoft Visual Studio Solution File, Format Version 12.00
# Visual Studio Version 16
VisualStudioVersion = 16.0.30611.23
MinimumVisualStudioVersion = 10.0.40219.1
Project("{FAE04EC0-301F-11D3-BF4B-00C04F79EFBC}") = "Extendy", "Extendy\Extendy.csproj", "{AF410257-32C2-4F71-8995-FEC906486BBE}"
EndProject
Project("{FAE04EC0-301F-11D3-BF4B-00C04F79EFBC}") = "ExtendyTests", "ExtendyTests\ExtendyTests.csproj", "{B371EAD8-7551-4F82-BDF1-E623877E1460}"
EndProject
Global
	GlobalSection(SolutionConfigurationPlatforms) = preSolution
		Debug|Any CPU = Debug|Any CPU
		Release|Any CPU = Release|Any CPU
	EndGlobalSection
	GlobalSection(ProjectConfigurationPlatforms) = postSolution
		{AF410257-32C2-4F71-8995-FEC906486BBE}.Debug|Any CPU.ActiveCfg = Debug|Any CPU
		{AF410257-32C2-4F71-8995-FEC906486BBE}.Debug|Any CPU.Build.0 = Debug|Any CPU
		{AF410257-32C2-4F71-8995-FEC906486BBE}.Release|Any CPU.ActiveCfg = Release|Any CPU
		{AF410257-32C2-4F71-8995-FEC906486BBE}.Release|Any CPU.Build.0 = Release|Any CPU
		{B371EAD8-7551-4F82-BDF1-E623877E1460}.Debug|Any CPU.ActiveCfg = Debug|Any CPU
		{B371EAD8-7551-4F82-BDF1-E623877E1460}.Debug|Any CPU.Build.0 = Debug|Any CPU
		{B371EAD8-7551-4F82-BDF1-E623877E1460}.Release|Any CPU.ActiveCfg = Release|Any CPU
		{B371EAD8-7551-4F82-BDF1-E623877E1460}.Release|Any CPU.Build.0 = Release|Any CPU
	EndGlobalSection
	GlobalSection(SolutionProperties) = preSolution
		HideSolutionNode = FALSE
	EndGlobalSection
	GlobalSection(ExtensibilityGlobals) = postSolution
		SolutionGuid = {3D18E0A9-FEF0-470F-BE96-C2E3FB0D86D1}
	EndGlobalSection
EndGlobal
